{
  "lockfileVersion": 1,
  "configVersion": 1,
  "workspaces": {
    "": {
      "name": "cpanel",
      "dependencies": {
        "@opentui/core": "latest",
        "@opentui/react": "latest",
        "react": "latest",
      },
      "devDependencies": {
        "@types/react": "latest",
        "typescript": "latest",
      },
    },
  },
  "packages": {
    "@opentui/core": ["@opentui/core@0.2.2", "", { "dependencies": { "bun-ffi-structs": "0.2.2", "diff": "9.0.0", "marked": "17.0.1", "string-width": "7.2.0", "strip-ansi": "7.1.2", "yoga-layout": "3.2.1" }, "optionalDependencies": { "@opentui/core-darwin-arm64": "0.2.2", "@opentui/core-darwin-x64": "0.2.2", "@opentui/core-linux-arm64": "0.2.2", "@opentui/core-linux-x64": "0.2.2", "@opentui/core-win32-arm64": "0.2.2", "@opentui/core-win32-x64": "0.2.2" }, "peerDependencies": { "web-tree-sitter": "0.25.10" } }, "sha512-wxg1CD58SVrowu+WgbhZNi3UP/wWxPio2Kj2IeTjomoIE+6EXLxR8eCCxHYVuQUd9E4fknrKkY5HmiSsp6oPow=="],

    "@opentui/core-darwin-arm64": ["@opentui/core-darwin-arm64@0.2.2", "", { "os": "darwin", "cpu": "arm64" }, "sha512-tY5n3ZRQx+b0kyhQJJLsyJMeZ+0w4FV37YZc/Qqv3qvOqE9kZPw/7adR77FYwWDm/7fax94mLMrR8Y5bKUkDmw=="],

    "@opentui/core-darwin-x64": ["@opentui/core-darwin-x64@0.2.2", "", { "os": "darwin", "cpu": "x64" }, "sha512-W/R7OnqY30FXcTG0tiP2JkQFmgtYbIte5afQ5PC12TliRoee1RqG3iCG6kY1jxW+3Vg6jge88uiSjUEDpeV2gA=="],

    "@opentui/core-linux-arm64": ["@opentui/core-linux-arm64@0.2.2", "", { "os": "linux", "cpu": "arm64" }, "sha512-1pzTYFEZauYuw6AGycw2TYGtAlZVGjuUtSdxH1fP51kBPS3oVWduUY2j7GKREz3SU5NulvO2Wc6HWsm3feMqwQ=="],

    "@opentui/core-linux-x64": ["@opentui/core-linux-x64@0.2.2", "", { "os": "linux", "cpu": "x64" }, "sha512-ucVwUtUYeOYGVFPBLbPoxzbrPdhD0PDyKNQ2X4n1AJ9jlQX4gqBZRcXMEF8hiXDjFxsikZwef7De0ciCcWvAMg=="],

    "@opentui/core-win32-arm64": ["@opentui/core-win32-arm64@0.2.2", "", { "os": "win32", "cpu": "arm64" }, "sha512-MPhYdJNdxmC5Bqsq6sis/+VkjRgkEjm+bQ1Tl++NSKLuiTU32Re0ImcZlgHbe+LZtZoGMZHVSgZlkGd3oYXO2g=="],

    "@opentui/core-win32-x64": ["@opentui/core-win32-x64@0.2.2", "", { "os": "win32", "cpu": "x64" }, "sha512-19BroLfn2h0RDYfJS5o96Fc8kYCDhRBcseIXtHIkoKIsKMxx62KiDLo/byVye6rp+yQRRB7Xkd2uWqsbdiWo9w=="],

    "@opentui/react": ["@opentui/react@0.2.2", "", { "dependencies": { "@opentui/core": "0.2.2", "react-reconciler": "^0.32.0" }, "peerDependencies": { "react": ">=19.0.0", "react-devtools-core": "^7.0.1", "ws": "^8.18.0" } }, "sha512-29Lkyb6gZYccrGJG7swKe3VUXhPW1UpTiBBV0EZpRcbw1+rSaVGgWp4/xcF9V9zaYAxeB2LxQ1PN5QXAmUrfAw=="],

    "@types/react": ["@types/react@19.2.14", "", { "dependencies": { "csstype": "^3.2.2" } }, "sha512-ilcTH/UniCkMdtexkoCN0bI7pMcJDvmQFPvuPvmEaYA/NSfFTAgdUSLAoVjaRJm7+6PvcM+q1zYOwS4wTYMF9w=="],

    "ansi-regex": ["ansi-regex@6.2.2", "", {}, "sha512-Bq3SmSpyFHaWjPk8If9yc6svM8c56dB5BAtW4Qbw5jHTwwXXcTLoRMkpDJp6VL0XzlWaCHTXrkFURMYmD0sLqg=="],

    "bun-ffi-structs": ["bun-ffi-structs@0.2.2", "", { "peerDependencies": { "typescript": "^5" } }, "sha512-N/ZWtyN0piZlrXQT7TO0V+q952orYqkfhXRXM1Hcbb+R3QSiBH4vLnib187Mrs1H7pWIYECAmPeapGYDOMCl+w=="],

    "csstype": ["csstype@3.2.3", "", {}, "sha512-z1HGKcYy2xA8AGQfwrn0PAy+PB7X/GSj3UVJW9qKyn43xWa+gl5nXmU4qqLMRzWVLFC8KusUX8T/0kCiOYpAIQ=="],

    "diff": ["diff@9.0.0", "", {}, "sha512-svtcdpS8CgJyqAjEQIXdb3OjhFVVYjzGAPO8WGCmRbrml64SPw/jJD4GoE98aR7r25A0XcgrK3F02yw9R/vhQw=="],

    "emoji-regex": ["emoji-regex@10.6.0", "", {}, "sha512-toUI84YS5YmxW219erniWD0CIVOo46xGKColeNQRgOzDorgBi1v4D71/OFzgD9GO2UGKIv1C3Sp8DAn0+j5w7A=="],

    "get-east-asian-width": ["get-east-asian-width@1.5.0", "", {}, "sha512-CQ+bEO+Tva/qlmw24dCejulK5pMzVnUOFOijVogd3KQs07HnRIgp8TGipvCCRT06xeYEbpbgwaCxglFyiuIcmA=="],

    "marked": ["marked@17.0.1", "", { "bin": { "marked": "bin/marked.js" } }, "sha512-boeBdiS0ghpWcSwoNm/jJBwdpFaMnZWRzjA6SkUMYb40SVaN1x7mmfGKp0jvexGcx+7y2La5zRZsYFZI6Qpypg=="],

    "react": ["react@19.2.5", "", {}, "sha512-llUJLzz1zTUBrskt2pwZgLq59AemifIftw4aB7JxOqf1HY2FDaGDxgwpAPVzHU1kdWabH7FauP4i1oEeer2WCA=="],

    "react-devtools-core": ["react-devtools-core@7.0.1", "", { "dependencies": { "shell-quote": "^1.6.1", "ws": "^7" } }, "sha512-C3yNvRHaizlpiASzy7b9vbnBGLrhvdhl1CbdU6EnZgxPNbai60szdLtl+VL76UNOt5bOoVTOz5rNWZxgGt+Gsw=="],

    "react-reconciler": ["react-reconciler@0.32.0", "", { "dependencies": { "scheduler": "^0.26.0" }, "peerDependencies": { "react": "^19.1.0" } }, "sha512-2NPMOzgTlG0ZWdIf3qG+dcbLSoAc/uLfOwckc3ofy5sSK0pLJqnQLpUFxvGcN2rlXSjnVtGeeFLNimCQEj5gOQ=="],

    "scheduler": ["scheduler@0.26.0", "", {}, "sha512-NlHwttCI/l5gCPR3D1nNXtWABUmBwvZpEQiD4IXSbIDq8BzLIK/7Ir5gTFSGZDUu37K5cMNp0hFtzO38sC7gWA=="],

    "shell-quote": ["shell-quote@1.8.3", "", {}, "sha512-ObmnIF4hXNg1BqhnHmgbDETF8dLPCggZWBjkQfhZpbszZnYur5DUljTcCHii5LC3J5E0yeO/1LIMyH+UvHQgyw=="],

    "string-width": ["string-width@7.2.0", "", { "dependencies": { "emoji-regex": "^10.3.0", "get-east-asian-width": "^1.0.0", "strip-ansi": "^7.1.0" } }, "sha512-tsaTIkKW9b4N+AEj+SVA+WhJzV7/zMhcSu78mLKWSk7cXMOSHsBKFWUs0fWwq8QyK3MgJBQRX6Gbi4kYbdvGkQ=="],

    "strip-ansi": ["strip-ansi@7.1.2", "", { "dependencies": { "ansi-regex": "^6.0.1" } }, "sha512-gmBGslpoQJtgnMAvOVqGZpEz9dyoKTCzy2nfz/n8aIFhN/jCE/rCmcxabB6jOOHV+0WNnylOxaxBQPSvcWklhA=="],

    "typescript": ["typescript@6.0.3", "", { "bin": { "tsc": "bin/tsc", "tsserver": "bin/tsserver" } }, "sha512-y2TvuxSZPDyQakkFRPZHKFm+KKVqIisdg9/CZwm9ftvKXLP8NRWj38/ODjNbr43SsoXqNuAisEf1GdCxqWcdBw=="],

    "web-tree-sitter": ["web-tree-sitter@0.25.10", "", { "peerDependencies": { "@types/emscripten": "^1.40.0" }, "optionalPeers": ["@types/emscripten"] }, "sha512-Y09sF44/13XvgVKgO2cNDw5rGk6s26MgoZPXLESvMXeefBf7i6/73eFurre0IsTW6E14Y0ArIzhUMmjoc7xyzA=="],

    "ws": ["ws@8.20.0", "", { "peerDependencies": { "bufferutil": "^4.0.1", "utf-8-validate": ">=5.0.2" }, "optionalPeers": ["bufferutil", "utf-8-validate"] }, "sha512-sAt8BhgNbzCtgGbt2OxmpuryO63ZoDk/sqaB/znQm94T4fCEsy/yV+7CdC1kJhOU9lboAEU7R3kquuycDoibVA=="],

    "yoga-layout": ["yoga-layout@3.2.1", "", {}, "sha512-0LPOt3AxKqMdFBZA3HBAt/t/8vIKq7VaQYbuA8WxCgung+p9TVyKRYdpvCb80HcdTN2NkbIKbhNwKUfm3tQywQ=="],

    "react-devtools-core/ws": ["ws@7.5.10", "", { "peerDependencies": { "bufferutil": "^4.0.1", "utf-8-validate": "^5.0.2" }, "optionalPeers": ["bufferutil", "utf-8-validate"] }, "sha512-+dbF1tHwZpXcbOJdVOkzLDxZP1ailvSxM6ZweXTegylPny803bFhA+vqBYw4s31NSAk4S2Qz+AKXK9a4wkdjcQ=="],
  }
}
